
Microsoft Visual Studio Solution File, Format Version 12.00
# Visual Studio Version 17
VisualStudioVersion = 17.14.36616.10 d17.14
MinimumVisualStudioVersion = 10.0.40219.1
Project("{FAE04EC0-301F-11D3-BF4B-00C04F79EFBC}") = "C# Practice (Windows Form App(What I know so far))", "C# Practice (Windows Form App(What I know so far)).csproj", "{91722F9E-BC9E-4127-9A3D-ED87CA93F3D9}"
EndProject
Global
	GlobalSection(SolutionConfigurationPlatforms) = preSolution
		Debug|Any CPU = Debug|Any CPU
		Release|Any CPU = Release|Any CPU
	EndGlobalSection
	GlobalSection(ProjectConfigurationPlatforms) = postSolution
		{91722F9E-BC9E-4127-9A3D-ED87CA93F3D9}.Debug|Any CPU.ActiveCfg = Debug|Any CPU
		{91722F9E-BC9E-4127-9A3D-ED87CA93F3D9}.Debug|Any CPU.Build.0 = Debug|Any CPU
		{91722F9E-BC9E-4127-9A3D-ED87CA93F3D9}.Release|Any CPU.ActiveCfg = Release|Any CPU
		{91722F9E-BC9E-4127-9A3D-ED87CA93F3D9}.Release|Any CPU.Build.0 = Release|Any CPU
	EndGlobalSection
	GlobalSection(SolutionProperties) = preSolution
		HideSolutionNode = FALSE
	EndGlobalSection
	GlobalSection(ExtensibilityGlobals) = postSolution
		SolutionGuid = {CC4CB380-9F25-4C87-9409-2B707C3BFF1D}
	EndGlobalSection
EndGlobal
